# This file is automatically @generated by Cargo.
# It is not intended for manual editing.
version = 3

[[package]]
name = "momentum"
version = "0.1.0"
dependencies = [
 "overlap",
 "price",
]

[[package]]
name = "overlap"
version = "0.1.0"

[[package]]
name = "price"
version = "0.1.0"

[[package]]
name = "trend"
version = "0.1.0"
dependencies = [
 "overlap",
]

[[package]]
name = "utils"
version = "0.1.0"

[[package]]
name = "volatility"
version = "0.1.0"
dependencies = [
 "overlap",
 "utils",
]

[[package]]
name = "volume"
version = "0.1.0"
dependencies = [
 "price",
]
