# This file is automatically @generated by Cargo.
# It is not intended for manual editing.
version = 3

[[package]]
name = "base"
version = "0.1.0"
dependencies = [
 "core",
 "once_cell",
 "price",
 "volatility",
]

[[package]]
name = "candlestick"
version = "0.1.0"
dependencies = [
 "core",
 "volatility",
]

[[package]]
name = "core"
version = "0.1.0"

[[package]]
name = "exit"
version = "0.1.0"
dependencies = [
 "base",
 "core",
]

[[package]]
name = "filter"
version = "0.1.0"
dependencies = [
 "base",
 "core",
 "momentum",
 "shared",
]

[[package]]
name = "momentum"
version = "0.1.0"
dependencies = [
 "core",
 "price",
 "utils",
]

[[package]]
name = "once_cell"
version = "1.18.0"
source = "registry+https://github.com/rust-lang/crates.io-index"
checksum = "dd8b5dd2ae5ed71462c540258bedcb51965123ad7e7ccf4b9a8cafaa4a63576d"

[[package]]
name = "price"
version = "0.1.0"
dependencies = [
 "core",
]

[[package]]
name = "shared"
version = "0.1.0"
dependencies = [
 "base",
 "candlestick",
 "core",
 "momentum",
 "trend",
]

[[package]]
name = "signal"
version = "0.1.0"
dependencies = [
 "base",
 "core",
 "shared",
 "volatility",
]

[[package]]
name = "stop_loss"
version = "0.1.0"
dependencies = [
 "base",
 "core",
 "volatility",
]

[[package]]
name = "trend"
version = "0.1.0"
dependencies = [
 "core",
 "price",
 "volatility",
]

[[package]]
name = "trend_follow"
version = "0.1.0"
dependencies = [
 "base",
 "core",
 "exit",
 "filter",
 "shared",
 "signal",
 "stop_loss",
]

[[package]]
name = "utils"
version = "0.1.0"
dependencies = [
 "core",
]

[[package]]
name = "volatility"
version = "0.1.0"
dependencies = [
 "core",
 "price",
 "utils",
]

[[package]]
name = "volume"
version = "0.1.0"
dependencies = [
 "core",
 "price",
 "utils",
]
