# This file is automatically @generated by Cargo.
# It is not intended for manual editing.
version = 3

[[package]]
name = "core"
version = "0.1.0"

[[package]]
name = "momentum"
version = "0.1.0"
dependencies = [
 "core",
 "price",
 "utils",
]

[[package]]
name = "patterns"
version = "0.1.0"
dependencies = [
 "core",
]

[[package]]
name = "price"
version = "0.1.0"
dependencies = [
 "core",
]

[[package]]
name = "trend"
version = "0.1.0"
dependencies = [
 "core",
]

[[package]]
name = "utils"
version = "0.1.0"
dependencies = [
 "core",
]

[[package]]
name = "volatility"
version = "0.1.0"
dependencies = [
 "core",
 "trend",
 "utils",
]

[[package]]
name = "volume"
version = "0.1.0"
dependencies = [
 "core",
 "price",
 "utils",
]
